
Microsoft Visual Studio Solution File, Format Version 12.00
# Visual Studio Version 17
VisualStudioVersion = 17.7.34202.233
MinimumVisualStudioVersion = 10.0.40219.1
Project("{FAE04EC0-301F-11D3-BF4B-00C04F79EFBC}") = "interfaces_", "interfaces_\interfaces_.csproj", "{4588AC9B-2781-4ED4-9F9C-FA15AA6A879C}"
EndProject
Global
	GlobalSection(SolutionConfigurationPlatforms) = preSolution
		Debug|Any CPU = Debug|Any CPU
		Release|Any CPU = Release|Any CPU
	EndGlobalSection
	GlobalSection(ProjectConfigurationPlatforms) = postSolution
		{4588AC9B-2781-4ED4-9F9C-FA15AA6A879C}.Debug|Any CPU.ActiveCfg = Debug|Any CPU
		{4588AC9B-2781-4ED4-9F9C-FA15AA6A879C}.Debug|Any CPU.Build.0 = Debug|Any CPU
		{4588AC9B-2781-4ED4-9F9C-FA15AA6A879C}.Release|Any CPU.ActiveCfg = Release|Any CPU
		{4588AC9B-2781-4ED4-9F9C-FA15AA6A879C}.Release|Any CPU.Build.0 = Release|Any CPU
	EndGlobalSection
	GlobalSection(SolutionProperties) = preSolution
		HideSolutionNode = FALSE
	EndGlobalSection
	GlobalSection(ExtensibilityGlobals) = postSolution
		SolutionGuid = {CB450C48-A8A2-4BB1-B3B1-51B8F7EB6ABE}
	EndGlobalSection
EndGlobal
