
Microsoft Visual Studio Solution File, Format Version 12.00
# Visual Studio Version 17
VisualStudioVersion = 17.7.34202.233
MinimumVisualStudioVersion = 10.0.40219.1
Project("{FAE04EC0-301F-11D3-BF4B-00C04F79EFBC}") = "constructor", "constructor\constructor.csproj", "{433A2B46-BDB9-4574-871A-34C2591CB073}"
EndProject
Global
	GlobalSection(SolutionConfigurationPlatforms) = preSolution
		Debug|Any CPU = Debug|Any CPU
		Release|Any CPU = Release|Any CPU
	EndGlobalSection
	GlobalSection(ProjectConfigurationPlatforms) = postSolution
		{433A2B46-BDB9-4574-871A-34C2591CB073}.Debug|Any CPU.ActiveCfg = Debug|Any CPU
		{433A2B46-BDB9-4574-871A-34C2591CB073}.Debug|Any CPU.Build.0 = Debug|Any CPU
		{433A2B46-BDB9-4574-871A-34C2591CB073}.Release|Any CPU.ActiveCfg = Release|Any CPU
		{433A2B46-BDB9-4574-871A-34C2591CB073}.Release|Any CPU.Build.0 = Release|Any CPU
	EndGlobalSection
	GlobalSection(SolutionProperties) = preSolution
		HideSolutionNode = FALSE
	EndGlobalSection
	GlobalSection(ExtensibilityGlobals) = postSolution
		SolutionGuid = {7129B30C-6AF5-4E44-BA01-A8061D7238C6}
	EndGlobalSection
EndGlobal
