
Microsoft Visual Studio Solution File, Format Version 12.00
# Visual Studio Version 17
VisualStudioVersion = 17.7.34202.233
MinimumVisualStudioVersion = 10.0.40219.1
Project("{FAE04EC0-301F-11D3-BF4B-00C04F79EFBC}") = "produtosExercicio4", "produtosExercicio4\produtosExercicio4.csproj", "{99EA0AEB-706F-4B27-9227-091FFF8BDA7C}"
EndProject
Global
	GlobalSection(SolutionConfigurationPlatforms) = preSolution
		Debug|Any CPU = Debug|Any CPU
		Release|Any CPU = Release|Any CPU
	EndGlobalSection
	GlobalSection(ProjectConfigurationPlatforms) = postSolution
		{99EA0AEB-706F-4B27-9227-091FFF8BDA7C}.Debug|Any CPU.ActiveCfg = Debug|Any CPU
		{99EA0AEB-706F-4B27-9227-091FFF8BDA7C}.Debug|Any CPU.Build.0 = Debug|Any CPU
		{99EA0AEB-706F-4B27-9227-091FFF8BDA7C}.Release|Any CPU.ActiveCfg = Release|Any CPU
		{99EA0AEB-706F-4B27-9227-091FFF8BDA7C}.Release|Any CPU.Build.0 = Release|Any CPU
	EndGlobalSection
	GlobalSection(SolutionProperties) = preSolution
		HideSolutionNode = FALSE
	EndGlobalSection
	GlobalSection(ExtensibilityGlobals) = postSolution
		SolutionGuid = {3C28DE35-3C4C-4C59-8B01-C4A4B8117DEF}
	EndGlobalSection
EndGlobal
