
Microsoft Visual Studio Solution File, Format Version 12.00
# Visual Studio Version 17
VisualStudioVersion = 17.7.34202.233
MinimumVisualStudioVersion = 10.0.40219.1
Project("{FAE04EC0-301F-11D3-BF4B-00C04F79EFBC}") = "modificadorDeAcesso", "modificadorDeAcesso\modificadorDeAcesso.csproj", "{5973F445-0795-4B71-BC7D-5857D71CF59B}"
EndProject
Global
	GlobalSection(SolutionConfigurationPlatforms) = preSolution
		Debug|Any CPU = Debug|Any CPU
		Release|Any CPU = Release|Any CPU
	EndGlobalSection
	GlobalSection(ProjectConfigurationPlatforms) = postSolution
		{5973F445-0795-4B71-BC7D-5857D71CF59B}.Debug|Any CPU.ActiveCfg = Debug|Any CPU
		{5973F445-0795-4B71-BC7D-5857D71CF59B}.Debug|Any CPU.Build.0 = Debug|Any CPU
		{5973F445-0795-4B71-BC7D-5857D71CF59B}.Release|Any CPU.ActiveCfg = Release|Any CPU
		{5973F445-0795-4B71-BC7D-5857D71CF59B}.Release|Any CPU.Build.0 = Release|Any CPU
	EndGlobalSection
	GlobalSection(SolutionProperties) = preSolution
		HideSolutionNode = FALSE
	EndGlobalSection
	GlobalSection(ExtensibilityGlobals) = postSolution
		SolutionGuid = {D48EE873-1FEE-4507-A861-72A13C6FC4F7}
	EndGlobalSection
EndGlobal
